
Microsoft Visual Studio Solution File, Format Version 12.00
# Visual Studio Version 17
VisualStudioVersion = 17.7.34003.232
MinimumVisualStudioVersion = 10.0.40219.1
Project("{FAE04EC0-301F-11D3-BF4B-00C04F79EFBC}") = "FarmaciaBack", "FarmaciaBack\FarmaciaBack.csproj", "{EC7BEAE6-D1F8-4525-9AF7-74F8FE5A6726}"
EndProject
Global
	GlobalSection(SolutionConfigurationPlatforms) = preSolution
		Debug|Any CPU = Debug|Any CPU
		Release|Any CPU = Release|Any CPU
	EndGlobalSection
	GlobalSection(ProjectConfigurationPlatforms) = postSolution
		{EC7BEAE6-D1F8-4525-9AF7-74F8FE5A6726}.Debug|Any CPU.ActiveCfg = Debug|Any CPU
		{EC7BEAE6-D1F8-4525-9AF7-74F8FE5A6726}.Debug|Any CPU.Build.0 = Debug|Any CPU
		{EC7BEAE6-D1F8-4525-9AF7-74F8FE5A6726}.Release|Any CPU.ActiveCfg = Release|Any CPU
		{EC7BEAE6-D1F8-4525-9AF7-74F8FE5A6726}.Release|Any CPU.Build.0 = Release|Any CPU
	EndGlobalSection
	GlobalSection(SolutionProperties) = preSolution
		HideSolutionNode = FALSE
	EndGlobalSection
	GlobalSection(ExtensibilityGlobals) = postSolution
		SolutionGuid = {7A822459-3621-4E0F-818E-AAEA310BF16B}
	EndGlobalSection
EndGlobal
